
Microsoft Visual Studio Solution File, Format Version 12.00
# Visual Studio Version 16
VisualStudioVersion = 16.0.29806.167
MinimumVisualStudioVersion = 10.0.40219.1
Project("{FAE04EC0-301F-11D3-BF4B-00C04F79EFBC}") = "MSRCrown", "MSRCrown\MSRCrown.csproj", "{FB657973-C51A-4992-8615-3299934480CB}"
EndProject
Global
	GlobalSection(SolutionConfigurationPlatforms) = preSolution
		Debug|Any CPU = Debug|Any CPU
		Release|Any CPU = Release|Any CPU
	EndGlobalSection
	GlobalSection(ProjectConfigurationPlatforms) = postSolution
		{FB657973-C51A-4992-8615-3299934480CB}.Debug|Any CPU.ActiveCfg = Debug|Any CPU
		{FB657973-C51A-4992-8615-3299934480CB}.Debug|Any CPU.Build.0 = Debug|Any CPU
		{FB657973-C51A-4992-8615-3299934480CB}.Release|Any CPU.ActiveCfg = Release|Any CPU
		{FB657973-C51A-4992-8615-3299934480CB}.Release|Any CPU.Build.0 = Release|Any CPU
	EndGlobalSection
	GlobalSection(SolutionProperties) = preSolution
		HideSolutionNode = FALSE
	EndGlobalSection
	GlobalSection(ExtensibilityGlobals) = postSolution
		SolutionGuid = {FC1839AF-4DEF-4BB1-8E66-0D4B6DCDE307}
	EndGlobalSection
EndGlobal
